{
  "object": {
    "pins": [
      {
        "package": "Signals",
        "repositoryURL": "https://github.com/IBM-Swift/BlueSignals.git",
        "state": {
          "branch": null,
          "revision": "23f62ec7a38a837e1c14acffc2e963b667a88b46",
          "version": "1.0.16"
        }
      },
      {
        "package": "CFDBSwift",
        "repositoryURL": "https://github.com/kirilltitov/CFDBSwift",
        "state": {
          "branch": null,
          "revision": "9ab3941608c43dba722ced06c133ca3309231ce7",
          "version": "1.0.2"
        }
      },
      {
        "package": "CryptoSwift",
        "repositoryURL": "https://github.com/krzyzanowskim/CryptoSwift.git",
        "state": {
          "branch": null,
          "revision": "c5ee516c9616ec7dc2a000007ddb8bf5d9543c74",
          "version": "0.13.1"
        }
      },
      {
        "package": "FDBSwift",
        "repositoryURL": "https://github.com/kirilltitov/FDBSwift.git",
        "state": {
          "branch": null,
          "revision": "a78689bb6936864d97f79b0ab2e5640db5ebe990",
          "version": "2.0.0"
        }
      },
      {
        "package": "Gzip",
        "repositoryURL": "https://github.com/1024jp/GzipSwift.git",
        "state": {
          "branch": null,
          "revision": "377e8bff2a7c99fb5a588dec351334efa3fd0b94",
          "version": "4.0.4"
        }
      },
      {
        "package": "swift-nio",
        "repositoryURL": "https://github.com/apple/swift-nio",
        "state": {
          "branch": null,
          "revision": "a20e129c22ad00a51c902dca54a5456f90664780",
          "version": "1.12.0"
        }
      },
      {
        "package": "swift-nio-zlib-support",
        "repositoryURL": "https://github.com/apple/swift-nio-zlib-support.git",
        "state": {
          "branch": null,
          "revision": "37760e9a52030bb9011972c5213c3350fa9d41fd",
          "version": "1.0.0"
        }
      },
      {
        "package": "SwiftMsgPack",
        "repositoryURL": "https://github.com/kirilltitov/SwiftMsgPack.git",
        "state": {
          "branch": "master",
          "revision": "3323bf501859277767afd78b163e7ee4fd529bf3",
          "version": null
        }
      }
    ]
  },
  "version": 1
}
