{
  "object": {
    "pins": [
      {
        "package": "CryptoSwift",
        "repositoryURL": "https://github.com/krzyzanowskim/CryptoSwift.git",
        "state": {
          "branch": null,
          "revision": "8b3435bd3236819318cde87c8d9315fb89906df3",
          "version": "0.14.0"
        }
      },
      {
        "package": "FDBSwift",
        "repositoryURL": "https://github.com/kirilltitov/FDBSwift.git",
        "state": {
          "branch": null,
          "revision": "1d366e236f67a2f7ad9b8708e1d52150c515d549",
          "version": "2.3.0"
        }
      },
      {
        "package": "Gzip",
        "repositoryURL": "https://github.com/1024jp/GzipSwift.git",
        "state": {
          "branch": null,
          "revision": "eac1da34ec837f501b56d810bdf0fd68b3f91e19",
          "version": "4.1.0"
        }
      },
      {
        "package": "LGNKit-Swift",
        "repositoryURL": "git@bitbucket.org:1711-games/LGNKit-Swift.git",
        "state": {
          "branch": "master",
          "revision": "1dbb78708a0e7bc53da3091782b1ee14e64c889c",
          "version": null
        }
      },
      {
        "package": "MessagePack",
        "repositoryURL": "https://github.com/kirilltitov/MessagePack.git",
        "state": {
          "branch": "master",
          "revision": "aa2e70893b419253a3dfb876dd82b1fb9d9e05f2",
          "version": null
        }
      },
      {
        "package": "swift-nio",
        "repositoryURL": "https://github.com/apple/swift-nio.git",
        "state": {
          "branch": null,
          "revision": "98434c1f1d687ff5a24d2cabfbd19b5c7d2d7a2f",
          "version": "1.13.0"
        }
      },
      {
        "package": "swift-nio-zlib-support",
        "repositoryURL": "https://github.com/apple/swift-nio-zlib-support.git",
        "state": {
          "branch": null,
          "revision": "37760e9a52030bb9011972c5213c3350fa9d41fd",
          "version": "1.0.0"
        }
      },
      {
        "package": "SwiftMsgPack",
        "repositoryURL": "https://github.com/kirilltitov/SwiftMsgPack.git",
        "state": {
          "branch": "master",
          "revision": "3323bf501859277767afd78b163e7ee4fd529bf3",
          "version": null
        }
      }
    ]
  },
  "version": 1
}
